
Microsoft Visual Studio Solution File, Format Version 12.00
# Visual Studio 15
VisualStudioVersion = 15.0.28307.106
MinimumVisualStudioVersion = 10.0.40219.1
Project("{FAE04EC0-301F-11D3-BF4B-00C04F79EFBC}") = "i18n", "i18n\i18n.csproj", "{374DDE7B-919B-4BCB-B3CD-47FB40493B64}"
EndProject
Project("{9A19103F-16F7-4668-BE54-9A1E7A4F7556}") = "i18n.Resources", "i18n.Resources\i18n.Resources.csproj", "{D1E11177-9B27-4AFE-874D-71D621C21139}"
EndProject
Global
	GlobalSection(SolutionConfigurationPlatforms) = preSolution
		Debug|Any CPU = Debug|Any CPU
		Release|Any CPU = Release|Any CPU
	EndGlobalSection
	GlobalSection(ProjectConfigurationPlatforms) = postSolution
		{374DDE7B-919B-4BCB-B3CD-47FB40493B64}.Debug|Any CPU.ActiveCfg = Debug|Any CPU
		{374DDE7B-919B-4BCB-B3CD-47FB40493B64}.Debug|Any CPU.Build.0 = Debug|Any CPU
		{374DDE7B-919B-4BCB-B3CD-47FB40493B64}.Release|Any CPU.ActiveCfg = Release|Any CPU
		{374DDE7B-919B-4BCB-B3CD-47FB40493B64}.Release|Any CPU.Build.0 = Release|Any CPU
		{D1E11177-9B27-4AFE-874D-71D621C21139}.Debug|Any CPU.ActiveCfg = Debug|Any CPU
		{D1E11177-9B27-4AFE-874D-71D621C21139}.Debug|Any CPU.Build.0 = Debug|Any CPU
		{D1E11177-9B27-4AFE-874D-71D621C21139}.Release|Any CPU.ActiveCfg = Release|Any CPU
		{D1E11177-9B27-4AFE-874D-71D621C21139}.Release|Any CPU.Build.0 = Release|Any CPU
	EndGlobalSection
	GlobalSection(SolutionProperties) = preSolution
		HideSolutionNode = FALSE
	EndGlobalSection
	GlobalSection(ExtensibilityGlobals) = postSolution
		SolutionGuid = {EADD6141-09C3-446D-AE8C-651EA00BC34E}
	EndGlobalSection
EndGlobal
